// !$*UTF8*$!
{
	archiveVersion = 1;
	classes = {
	};
	objectVersion = 46;
	objects = {

/* Begin PBXBuildFile section */
		9E4AD70519E1B83900876004 /* AppDelegate.swift in Sources */ = {isa = PBXBuildFile; fileRef = 9E4AD70419E1B83900876004 /* AppDelegate.swift */; };
		9E4AD70719E1B83900876004 /* ViewController.swift in Sources */ = {isa = PBXBuildFile; fileRef = 9E4AD70619E1B83900876004 /* ViewController.swift */; };
		9E4AD70919E1B83900876004 /* Images.xcassets in Resources */ = {isa = PBXBuildFile; fileRef = 9E4AD70819E1B83900876004 /* Images.xcassets */; };
		9E4AD70C19E1B83900876004 /* Main.storyboard in Resources */ = {isa = PBXBuildFile; fileRef = 9E4AD70A19E1B83900876004 /* Main.storyboard */; };
		9E4AD71819E1B83900876004 /* KatalDesktopTests.swift in Sources */ = {isa = PBXBuildFile; fileRef = 9E4AD71719E1B83900876004 /* KatalDesktopTests.swift */; };
/* End PBXBuildFile section */

/* Begin PBXContainerItemProxy section */
		9E4AD71219E1B83900876004 /* PBXContainerItemProxy */ = {
			isa = PBXContainerItemProxy;
			containerPortal = 9E4AD6F719E1B83900876004 /* Project object */;
			proxyType = 1;
			remoteGlobalIDString = 9E4AD6FE19E1B83900876004;
			remoteInfo = KatalDesktop;
		};
/* End PBXContainerItemProxy section */

/* Begin PBXFileReference section */
		9E4AD6FF19E1B83900876004 /* KatalDesktop.app */ = {isa = PBXFileReference; explicitFileType = wrapper.application; includeInIndex = 0; path = KatalDesktop.app; sourceTree = BUILT_PRODUCTS_DIR; };
		9E4AD70319E1B83900876004 /* Info.plist */ = {isa = PBXFileReference; lastKnownFileType = text.plist.xml; path = Info.plist; sourceTree = "<group>"; };
		9E4AD70419E1B83900876004 /* AppDelegate.swift */ = {isa = PBXFileReference; lastKnownFileType = sourcecode.swift; path = AppDelegate.swift; sourceTree = "<group>"; };
		9E4AD70619E1B83900876004 /* ViewController.swift */ = {isa = PBXFileReference; lastKnownFileType = sourcecode.swift; path = ViewController.swift; sourceTree = "<group>"; };
		9E4AD70819E1B83900876004 /* Images.xcassets */ = {isa = PBXFileReference; lastKnownFileType = folder.assetcatalog; path = Images.xcassets; sourceTree = "<group>"; };
		9E4AD70B19E1B83900876004 /* Base */ = {isa = PBXFileReference; lastKnownFileType = file.storyboard; name = Base; path = Base.lproj/Main.storyboard; sourceTree = "<group>"; };
		9E4AD71119E1B83900876004 /* KatalDesktopTests.xctest */ = {isa = PBXFileReference; explicitFileType = wrapper.cfbundle; includeInIndex = 0; path = KatalDesktopTests.xctest; sourceTree = BUILT_PRODUCTS_DIR; };
		9E4AD71619E1B83900876004 /* Info.plist */ = {isa = PBXFileReference; lastKnownFileType = text.plist.xml; path = Info.plist; sourceTree = "<group>"; };
		9E4AD71719E1B83900876004 /* KatalDesktopTests.swift */ = {isa = PBXFileReference; lastKnownFileType = sourcecode.swift; path = KatalDesktopTests.swift; sourceTree = "<group>"; };
/* End PBXFileReference section */

/* Begin PBXFrameworksBuildPhase section */
		9E4AD6FC19E1B83900876004 /* Frameworks */ = {
			isa = PBXFrameworksBuildPhase;
			buildActionMask = 2147483647;
			files = (
			);
			runOnlyForDeploymentPostprocessing = 0;
		};
		9E4AD70E19E1B83900876004 /* Frameworks */ = {
			isa = PBXFrameworksBuildPhase;
			buildActionMask = 2147483647;
			files = (
			);
			runOnlyForDeploymentPostprocessing = 0;
		};
/* End PBXFrameworksBuildPhase section */

/* Begin PBXGroup section */
		9E4AD6F619E1B83900876004 = {
			isa = PBXGroup;
			children = (
				9E4AD70119E1B83900876004 /* KatalDesktop */,
				9E4AD71419E1B83900876004 /* KatalDesktopTests */,
				9E4AD70019E1B83900876004 /* Products */,
			);
			sourceTree = "<group>";
		};
		9E4AD70019E1B83900876004 /* Products */ = {
			isa = PBXGroup;
			children = (
				9E4AD6FF19E1B83900876004 /* KatalDesktop.app */,
				9E4AD71119E1B83900876004 /* KatalDesktopTests.xctest */,
			);
			name = Products;
			sourceTree = "<group>";
		};
		9E4AD70119E1B83900876004 /* KatalDesktop */ = {
			isa = PBXGroup;
			children = (
				9E4AD70419E1B83900876004 /* AppDelegate.swift */,
				9E4AD70619E1B83900876004 /* ViewController.swift */,
				9E4AD70819E1B83900876004 /* Images.xcassets */,
				9E4AD70A19E1B83900876004 /* Main.storyboard */,
				9E4AD70219E1B83900876004 /* Supporting Files */,
			);
			path = KatalDesktop;
			sourceTree = "<group>";
		};
		9E4AD70219E1B83900876004 /* Supporting Files */ = {
			isa = PBXGroup;
			children = (
				9E4AD70319E1B83900876004 /* Info.plist */,
			);
			name = "Supporting Files";
			sourceTree = "<group>";
		};
		9E4AD71419E1B83900876004 /* KatalDesktopTests */ = {
			isa = PBXGroup;
			children = (
				9E4AD71719E1B83900876004 /* KatalDesktopTests.swift */,
				9E4AD71519E1B83900876004 /* Supporting Files */,
			);
			path = KatalDesktopTests;
			sourceTree = "<group>";
		};
		9E4AD71519E1B83900876004 /* Supporting Files */ = {
			isa = PBXGroup;
			children = (
				9E4AD71619E1B83900876004 /* Info.plist */,
			);
			name = "Supporting Files";
			sourceTree = "<group>";
		};
/* End PBXGroup section */

/* Begin PBXNativeTarget section */
		9E4AD6FE19E1B83900876004 /* KatalDesktop */ = {
			isa = PBXNativeTarget;
			buildConfigurationList = 9E4AD71B19E1B83900876004 /* Build configuration list for PBXNativeTarget "KatalDesktop" */;
			buildPhases = (
				9E4AD6FB19E1B83900876004 /* Sources */,
				9E4AD6FC19E1B83900876004 /* Frameworks */,
				9E4AD6FD19E1B83900876004 /* Resources */,
			);
			buildRules = (
			);
			dependencies = (
			);
			name = KatalDesktop;
			productName = KatalDesktop;
			productReference = 9E4AD6FF19E1B83900876004 /* KatalDesktop.app */;
			productType = "com.apple.product-type.application";
		};
		9E4AD71019E1B83900876004 /* KatalDesktopTests */ = {
			isa = PBXNativeTarget;
			buildConfigurationList = 9E4AD71E19E1B83900876004 /* Build configuration list for PBXNativeTarget "KatalDesktopTests" */;
			buildPhases = (
				9E4AD70D19E1B83900876004 /* Sources */,
				9E4AD70E19E1B83900876004 /* Frameworks */,
				9E4AD70F19E1B83900876004 /* Resources */,
			);
			buildRules = (
			);
			dependencies = (
				9E4AD71319E1B83900876004 /* PBXTargetDependency */,
			);
			name = KatalDesktopTests;
			productName = KatalDesktopTests;
			productReference = 9E4AD71119E1B83900876004 /* KatalDesktopTests.xctest */;
			productType = "com.apple.product-type.bundle.unit-test";
		};
/* End PBXNativeTarget section */

/* Begin PBXProject section */
		9E4AD6F719E1B83900876004 /* Project object */ = {
			isa = PBXProject;
			attributes = {
				LastUpgradeCheck = 0610;
				ORGANIZATIONNAME = "Keith Ermel";
				TargetAttributes = {
					9E4AD6FE19E1B83900876004 = {
						CreatedOnToolsVersion = 6.1;
					};
					9E4AD71019E1B83900876004 = {
						CreatedOnToolsVersion = 6.1;
						TestTargetID = 9E4AD6FE19E1B83900876004;
					};
				};
			};
			buildConfigurationList = 9E4AD6FA19E1B83900876004 /* Build configuration list for PBXProject "KatalDesktop" */;
			compatibilityVersion = "Xcode 3.2";
			developmentRegion = English;
			hasScannedForEncodings = 0;
			knownRegions = (
				en,
				Base,
			);
			mainGroup = 9E4AD6F619E1B83900876004;
			productRefGroup = 9E4AD70019E1B83900876004 /* Products */;
			projectDirPath = "";
			projectRoot = "";
			targets = (
				9E4AD6FE19E1B83900876004 /* KatalDesktop */,
				9E4AD71019E1B83900876004 /* KatalDesktopTests */,
			);
		};
/* End PBXProject section */

/* Begin PBXResourcesBuildPhase section */
		9E4AD6FD19E1B83900876004 /* Resources */ = {
			isa = PBXResourcesBuildPhase;
			buildActionMask = 2147483647;
			files = (
				9E4AD70919E1B83900876004 /* Images.xcassets in Resources */,
				9E4AD70C19E1B83900876004 /* Main.storyboard in Resources */,
			);
			runOnlyForDeploymentPostprocessing = 0;
		};
		9E4AD70F19E1B83900876004 /* Resources */ = {
			isa = PBXResourcesBuildPhase;
			buildActionMask = 2147483647;
			files = (
			);
			runOnlyForDeploymentPostprocessing = 0;
		};
/* End PBXResourcesBuildPhase section */

/* Begin PBXSourcesBuildPhase section */
		9E4AD6FB19E1B83900876004 /* Sources */ = {
			isa = PBXSourcesBuildPhase;
			buildActionMask = 2147483647;
			files = (
				9E4AD70719E1B83900876004 /* ViewController.swift in Sources */,
				9E4AD70519E1B83900876004 /* AppDelegate.swift in Sources */,
			);
			runOnlyForDeploymentPostprocessing = 0;
		};
		9E4AD70D19E1B83900876004 /* Sources */ = {
			isa = PBXSourcesBuildPhase;
			buildActionMask = 2147483647;
			files = (
				9E4AD71819E1B83900876004 /* KatalDesktopTests.swift in Sources */,
			);
			runOnlyForDeploymentPostprocessing = 0;
		};
/* End PBXSourcesBuildPhase section */

/* Begin PBXTargetDependency section */
		9E4AD71319E1B83900876004 /* PBXTargetDependency */ = {
			isa = PBXTargetDependency;
			target = 9E4AD6FE19E1B83900876004 /* KatalDesktop */;
			targetProxy = 9E4AD71219E1B83900876004 /* PBXContainerItemProxy */;
		};
/* End PBXTargetDependency section */

/* Begin PBXVariantGroup section */
		9E4AD70A19E1B83900876004 /* Main.storyboard */ = {
			isa = PBXVariantGroup;
			children = (
				9E4AD70B19E1B83900876004 /* Base */,
			);
			name = Main.storyboard;
			sourceTree = "<group>";
		};
/* End PBXVariantGroup section */

/* Begin XCBuildConfiguration section */
		9E4AD71919E1B83900876004 /* Debug */ = {
			isa = XCBuildConfiguration;
			buildSettings = {
				ALWAYS_SEARCH_USER_PATHS = NO;
				CLANG_CXX_LANGUAGE_STANDARD = "gnu++0x";
				CLANG_CXX_LIBRARY = "libc++";
				CLANG_ENABLE_MODULES = YES;
				CLANG_ENABLE_OBJC_ARC = YES;
				CLANG_WARN_BOOL_CONVERSION = YES;
				CLANG_WARN_CONSTANT_CONVERSION = YES;
				CLANG_WARN_DIRECT_OBJC_ISA_USAGE = YES_ERROR;
				CLANG_WARN_EMPTY_BODY = YES;
				CLANG_WARN_ENUM_CONVERSION = YES;
				CLANG_WARN_INT_CONVERSION = YES;
				CLANG_WARN_OBJC_ROOT_CLASS = YES_ERROR;
				CLANG_WARN_UNREACHABLE_CODE = YES;
				CLANG_WARN__DUPLICATE_METHOD_MATCH = YES;
				CODE_SIGN_IDENTITY = "-";
				COPY_PHASE_STRIP = NO;
				ENABLE_STRICT_OBJC_MSGSEND = YES;
				GCC_C_LANGUAGE_STANDARD = gnu99;
				GCC_DYNAMIC_NO_PIC = NO;
				GCC_OPTIMIZATION_LEVEL = 0;
				GCC_PREPROCESSOR_DEFINITIONS = (
					"DEBUG=1",
					"$(inherited)",
				);
				GCC_SYMBOLS_PRIVATE_EXTERN = NO;
				GCC_WARN_64_TO_32_BIT_CONVERSION = YES;
				GCC_WARN_ABOUT_RETURN_TYPE = YES_ERROR;
				GCC_WARN_UNDECLARED_SELECTOR = YES;
				GCC_WARN_UNINITIALIZED_AUTOS = YES_AGGRESSIVE;
				GCC_WARN_UNUSED_FUNCTION = YES;
				GCC_WARN_UNUSED_VARIABLE = YES;
				MACOSX_DEPLOYMENT_TARGET = 10.10;
				MTL_ENABLE_DEBUG_INFO = YES;
				ONLY_ACTIVE_ARCH = YES;
				SDKROOT = macosx;
				SWIFT_OPTIMIZATION_LEVEL = "-Onone";
			};
			name = Debug;
		};
		9E4AD71A19E1B83900876004 /* Release */ = {
			isa = XCBuildConfiguration;
			buildSettings = {
				ALWAYS_SEARCH_USER_PATHS = NO;
				CLANG_CXX_LANGUAGE_STANDARD = "gnu++0x";
				CLANG_CXX_LIBRARY = "libc++";
				CLANG_ENABLE_MODULES = YES;
				CLANG_ENABLE_OBJC_ARC = YES;
				CLANG_WARN_BOOL_CONVERSION = YES;
				CLANG_WARN_CONSTANT_CONVERSION = YES;
				CLANG_WARN_DIRECT_OBJC_ISA_USAGE = YES_ERROR;
				CLANG_WARN_EMPTY_BODY = YES;
				CLANG_WARN_ENUM_CONVERSION = YES;
				CLANG_WARN_INT_CONVERSION = YES;
				CLANG_WARN_OBJC_ROOT_CLASS = YES_ERROR;
				CLANG_WARN_UNREACHABLE_CODE = YES;
				CLANG_WARN__DUPLICATE_METHOD_MATCH = YES;
				CODE_SIGN_IDENTITY = "-";
				COPY_PHASE_STRIP = YES;
				DEBUG_INFORMATION_FORMAT = "dwarf-with-dsym";
				ENABLE_NS_ASSERTIONS = NO;
				ENABLE_STRICT_OBJC_MSGSEND = YES;
				GCC_C_LANGUAGE_STANDARD = gnu99;
				GCC_WARN_64_TO_32_BIT_CONVERSION = YES;
				GCC_WARN_ABOUT_RETURN_TYPE = YES_ERROR;
				GCC_WARN_UNDECLARED_SELECTOR = YES;
				GCC_WARN_UNINITIALIZED_AUTOS = YES_AGGRESSIVE;
				GCC_WARN_UNUSED_FUNCTION = YES;
				GCC_WARN_UNUSED_VARIABLE = YES;
				MACOSX_DEPLOYMENT_TARGET = 10.10;
				MTL_ENABLE_DEBUG_INFO = NO;
				SDKROOT = macosx;
			};
			name = Release;
		};
		9E4AD71C19E1B83900876004 /* Debug */ = {
			isa = XCBuildConfiguration;
			buildSettings = {
				ASSETCATALOG_COMPILER_APPICON_NAME = AppIcon;
				COMBINE_HIDPI_IMAGES = YES;
				INFOPLIST_FILE = KatalDesktop/Info.plist;
				LD_RUNPATH_SEARCH_PATHS = "$(inherited) @executable_path/../Frameworks";
				PRODUCT_NAME = "$(TARGET_NAME)";
			};
			name = Debug;
		};
		9E4AD71D19E1B83900876004 /* Release */ = {
			isa = XCBuildConfiguration;
			buildSettings = {
				ASSETCATALOG_COMPILER_APPICON_NAME = AppIcon;
				COMBINE_HIDPI_IMAGES = YES;
				INFOPLIST_FILE = KatalDesktop/Info.plist;
				LD_RUNPATH_SEARCH_PATHS = "$(inherited) @executable_path/../Frameworks";
				PRODUCT_NAME = "$(TARGET_NAME)";
			};
			name = Release;
		};
		9E4AD71F19E1B83900876004 /* Debug */ = {
			isa = XCBuildConfiguration;
			buildSettings = {
				BUNDLE_LOADER = "$(TEST_HOST)";
				COMBINE_HIDPI_IMAGES = YES;
				FRAMEWORK_SEARCH_PATHS = (
					"$(DEVELOPER_FRAMEWORKS_DIR)",
					"$(inherited)",
				);
				GCC_PREPROCESSOR_DEFINITIONS = (
					"DEBUG=1",
					"$(inherited)",
				);
				INFOPLIST_FILE = KatalDesktopTests/Info.plist;
				LD_RUNPATH_SEARCH_PATHS = "$(inherited) @executable_path/../Frameworks @loader_path/../Frameworks";
				PRODUCT_NAME = "$(TARGET_NAME)";
				TEST_HOST = "$(BUILT_PRODUCTS_DIR)/KatalDesktop.app/Contents/MacOS/KatalDesktop";
			};
			name = Debug;
		};
		9E4AD72019E1B83900876004 /* Release */ = {
			isa = XCBuildConfiguration;
			buildSettings = {
				BUNDLE_LOADER = "$(TEST_HOST)";
				COMBINE_HIDPI_IMAGES = YES;
				FRAMEWORK_SEARCH_PATHS = (
					"$(DEVELOPER_FRAMEWORKS_DIR)",
					"$(inherited)",
				);
				INFOPLIST_FILE = KatalDesktopTests/Info.plist;
				LD_RUNPATH_SEARCH_PATHS = "$(inherited) @executable_path/../Frameworks @loader_path/../Frameworks";
				PRODUCT_NAME = "$(TARGET_NAME)";
				TEST_HOST = "$(BUILT_PRODUCTS_DIR)/KatalDesktop.app/Contents/MacOS/KatalDesktop";
			};
			name = Release;
		};
/* End XCBuildConfiguration section */

/* Begin XCConfigurationList section */
		9E4AD6FA19E1B83900876004 /* Build configuration list for PBXProject "KatalDesktop" */ = {
			isa = XCConfigurationList;
			buildConfigurations = (
				9E4AD71919E1B83900876004 /* Debug */,
				9E4AD71A19E1B83900876004 /* Release */,
			);
			defaultConfigurationIsVisible = 0;
			defaultConfigurationName = Release;
		};
		9E4AD71B19E1B83900876004 /* Build configuration list for PBXNativeTarget "KatalDesktop" */ = {
			isa = XCConfigurationList;
			buildConfigurations = (
				9E4AD71C19E1B83900876004 /* Debug */,
				9E4AD71D19E1B83900876004 /* Release */,
			);
			defaultConfigurationIsVisible = 0;
		};
		9E4AD71E19E1B83900876004 /* Build configuration list for PBXNativeTarget "KatalDesktopTests" */ = {
			isa = XCConfigurationList;
			buildConfigurations = (
				9E4AD71F19E1B83900876004 /* Debug */,
				9E4AD72019E1B83900876004 /* Release */,
			);
			defaultConfigurationIsVisible = 0;
		};
/* End XCConfigurationList section */
	};
	rootObject = 9E4AD6F719E1B83900876004 /* Project object */;
}
